
Microsoft Visual Studio Solution File, Format Version 12.00
# Visual Studio 15
VisualStudioVersion = 15.0.28010.2048
MinimumVisualStudioVersion = 10.0.40219.1
Project("{FAE04EC0-301F-11D3-BF4B-00C04F79EFBC}") = "红警ol中控", "红警ol中控.csproj", "{EEEE410C-21B8-456C-97EA-87EB94D2E96D}"
EndProject
Global
	GlobalSection(SolutionConfigurationPlatforms) = preSolution
		Debug|Any CPU = Debug|Any CPU
		Release|Any CPU = Release|Any CPU
	EndGlobalSection
	GlobalSection(ProjectConfigurationPlatforms) = postSolution
		{EEEE410C-21B8-456C-97EA-87EB94D2E96D}.Debug|Any CPU.ActiveCfg = Debug|Any CPU
		{EEEE410C-21B8-456C-97EA-87EB94D2E96D}.Debug|Any CPU.Build.0 = Debug|Any CPU
		{EEEE410C-21B8-456C-97EA-87EB94D2E96D}.Release|Any CPU.ActiveCfg = Release|Any CPU
		{EEEE410C-21B8-456C-97EA-87EB94D2E96D}.Release|Any CPU.Build.0 = Release|Any CPU
	EndGlobalSection
	GlobalSection(SolutionProperties) = preSolution
		HideSolutionNode = FALSE
	EndGlobalSection
	GlobalSection(ExtensibilityGlobals) = postSolution
		SolutionGuid = {E5D9F042-F7E2-4411-836B-8EAC256CC35F}
	EndGlobalSection
EndGlobal
